{
  "object": {
    "pins": [
      {
        "package": "Alamofire",
        "repositoryURL": "https://github.com/Alamofire/Alamofire.git",
        "state": {
          "branch": null,
          "revision": "0c8cb78d05b6d067ee331c05058ff4dedcb45ffa",
          "version": "5.0.0"
        }
      },
      {
        "package": "CombineOperators",
        "repositoryURL": "https://github.com/dankinsoid/CombineOperators.git",
        "state": {
          "branch": null,
          "revision": "75e8cd86c41858057517801d68a245d14082f55d",
          "version": "1.40.0"
        }
      },
      {
        "package": "VDKit",
        "repositoryURL": "https://github.com/dankinsoid/VDKit.git",
        "state": {
          "branch": null,
          "revision": "2a11f2ea1812045fc07bc4bb9e1b2dbd093adb7c",
          "version": "1.13.0"
        }
      }
    ]
  },
  "version": 1
}
